
Microsoft Visual Studio Solution File, Format Version 12.00
# Visual Studio Version 17
VisualStudioVersion = 17.0.31903.59
MinimumVisualStudioVersion = 10.0.40219.1
Project("{2150E333-8FDC-42A3-9474-1A3956D46DE8}") = "src", "src", "{827E0CD3-B72D-47B6-A68D-7590B98EB39B}"
EndProject
Project("{FAE04EC0-301F-11D3-BF4B-00C04F79EFBC}") = "WinKit.Core", "src\WinKit.Core\WinKit.Core.csproj", "{ADB81FA5-1565-45EC-B025-88BFE30FA72F}"
EndProject
Project("{FAE04EC0-301F-11D3-BF4B-00C04F79EFBC}") = "WinKit.Infrastructure", "src\WinKit.Infrastructure\WinKit.Infrastructure.csproj", "{D1111417-F76E-44C9-B6B3-2E2AAA605C73}"
EndProject
Project("{FAE04EC0-301F-11D3-BF4B-00C04F79EFBC}") = "WinKit.Themes", "src\WinKit.Themes\WinKit.Themes.csproj", "{CC14AC7E-0EB1-4698-A61B-615D6B32E0AF}"
EndProject
Project("{FAE04EC0-301F-11D3-BF4B-00C04F79EFBC}") = "WinKit.System", "src\WinKit.System\WinKit.System.csproj", "{7F586789-C930-4636-9A86-79E1A396DE55}"
EndProject
Project("{FAE04EC0-301F-11D3-BF4B-00C04F79EFBC}") = "WinKit.Network", "src\WinKit.Network\WinKit.Network.csproj", "{A55C9953-FC20-4F08-A9BD-8947E7DB7F6F}"
EndProject
Project("{FAE04EC0-301F-11D3-BF4B-00C04F79EFBC}") = "WinKit.Cleanup", "src\WinKit.Cleanup\WinKit.Cleanup.csproj", "{1B990A76-FF1E-402E-9ACA-E71D108FFFCC}"
EndProject
Project("{FAE04EC0-301F-11D3-BF4B-00C04F79EFBC}") = "WinKit.Diagnostics", "src\WinKit.Diagnostics\WinKit.Diagnostics.csproj", "{65EF880C-DEE5-4DC7-B2E7-CF43A1B1EFF6}"
EndProject
Project("{FAE04EC0-301F-11D3-BF4B-00C04F79EFBC}") = "WinKit.UI", "src\WinKit.UI\WinKit.UI.csproj", "{8E788C30-9245-4CBC-AE3C-886010748EE7}"
EndProject
Project("{2150E333-8FDC-42A3-9474-1A3956D46DE8}") = "tests", "tests", "{0AB3BF05-4346-4AA6-1389-037BE0695223}"
EndProject
Project("{FAE04EC0-301F-11D3-BF4B-00C04F79EFBC}") = "WinKit.Infrastructure.Tests", "tests\WinKit.Infrastructure.Tests\WinKit.Infrastructure.Tests.csproj", "{D20A9779-4CF8-4135-9E27-B126FAAC95F8}"
EndProject
Project("{FAE04EC0-301F-11D3-BF4B-00C04F79EFBC}") = "WinKit.Updater", "src\WinKit.Updater\WinKit.Updater.csproj", "{33855AC0-1A02-4C57-879B-41804121747B}"
EndProject
Global
	GlobalSection(SolutionConfigurationPlatforms) = preSolution
		Debug|Any CPU = Debug|Any CPU
		Debug|x64 = Debug|x64
		Debug|x86 = Debug|x86
		Release|Any CPU = Release|Any CPU
		Release|x64 = Release|x64
		Release|x86 = Release|x86
	EndGlobalSection
	GlobalSection(ProjectConfigurationPlatforms) = postSolution
		{ADB81FA5-1565-45EC-B025-88BFE30FA72F}.Debug|Any CPU.ActiveCfg = Debug|Any CPU
		{ADB81FA5-1565-45EC-B025-88BFE30FA72F}.Debug|Any CPU.Build.0 = Debug|Any CPU
		{ADB81FA5-1565-45EC-B025-88BFE30FA72F}.Debug|x64.ActiveCfg = Debug|Any CPU
		{ADB81FA5-1565-45EC-B025-88BFE30FA72F}.Debug|x64.Build.0 = Debug|Any CPU
		{ADB81FA5-1565-45EC-B025-88BFE30FA72F}.Debug|x86.ActiveCfg = Debug|Any CPU
		{ADB81FA5-1565-45EC-B025-88BFE30FA72F}.Debug|x86.Build.0 = Debug|Any CPU
		{ADB81FA5-1565-45EC-B025-88BFE30FA72F}.Release|Any CPU.ActiveCfg = Release|Any CPU
		{ADB81FA5-1565-45EC-B025-88BFE30FA72F}.Release|Any CPU.Build.0 = Release|Any CPU
		{ADB81FA5-1565-45EC-B025-88BFE30FA72F}.Release|x64.ActiveCfg = Release|Any CPU
		{ADB81FA5-1565-45EC-B025-88BFE30FA72F}.Release|x64.Build.0 = Release|Any CPU
		{ADB81FA5-1565-45EC-B025-88BFE30FA72F}.Release|x86.ActiveCfg = Release|Any CPU
		{ADB81FA5-1565-45EC-B025-88BFE30FA72F}.Release|x86.Build.0 = Release|Any CPU
		{D1111417-F76E-44C9-B6B3-2E2AAA605C73}.Debug|Any CPU.ActiveCfg = Debug|Any CPU
		{D1111417-F76E-44C9-B6B3-2E2AAA605C73}.Debug|Any CPU.Build.0 = Debug|Any CPU
		{D1111417-F76E-44C9-B6B3-2E2AAA605C73}.Debug|x64.ActiveCfg = Debug|Any CPU
		{D1111417-F76E-44C9-B6B3-2E2AAA605C73}.Debug|x64.Build.0 = Debug|Any CPU
		{D1111417-F76E-44C9-B6B3-2E2AAA605C73}.Debug|x86.ActiveCfg = Debug|Any CPU
		{D1111417-F76E-44C9-B6B3-2E2AAA605C73}.Debug|x86.Build.0 = Debug|Any CPU
		{D1111417-F76E-44C9-B6B3-2E2AAA605C73}.Release|Any CPU.ActiveCfg = Release|Any CPU
		{D1111417-F76E-44C9-B6B3-2E2AAA605C73}.Release|Any CPU.Build.0 = Release|Any CPU
		{D1111417-F76E-44C9-B6B3-2E2AAA605C73}.Release|x64.ActiveCfg = Release|Any CPU
		{D1111417-F76E-44C9-B6B3-2E2AAA605C73}.Release|x64.Build.0 = Release|Any CPU
		{D1111417-F76E-44C9-B6B3-2E2AAA605C73}.Release|x86.ActiveCfg = Release|Any CPU
		{D1111417-F76E-44C9-B6B3-2E2AAA605C73}.Release|x86.Build.0 = Release|Any CPU
		{CC14AC7E-0EB1-4698-A61B-615D6B32E0AF}.Debug|Any CPU.ActiveCfg = Debug|Any CPU
		{CC14AC7E-0EB1-4698-A61B-615D6B32E0AF}.Debug|Any CPU.Build.0 = Debug|Any CPU
		{CC14AC7E-0EB1-4698-A61B-615D6B32E0AF}.Debug|x64.ActiveCfg = Debug|Any CPU
		{CC14AC7E-0EB1-4698-A61B-615D6B32E0AF}.Debug|x64.Build.0 = Debug|Any CPU
		{CC14AC7E-0EB1-4698-A61B-615D6B32E0AF}.Debug|x86.ActiveCfg = Debug|Any CPU
		{CC14AC7E-0EB1-4698-A61B-615D6B32E0AF}.Debug|x86.Build.0 = Debug|Any CPU
		{CC14AC7E-0EB1-4698-A61B-615D6B32E0AF}.Release|Any CPU.ActiveCfg = Release|Any CPU
		{CC14AC7E-0EB1-4698-A61B-615D6B32E0AF}.Release|Any CPU.Build.0 = Release|Any CPU
		{CC14AC7E-0EB1-4698-A61B-615D6B32E0AF}.Release|x64.ActiveCfg = Release|Any CPU
		{CC14AC7E-0EB1-4698-A61B-615D6B32E0AF}.Release|x64.Build.0 = Release|Any CPU
		{CC14AC7E-0EB1-4698-A61B-615D6B32E0AF}.Release|x86.ActiveCfg = Release|Any CPU
		{CC14AC7E-0EB1-4698-A61B-615D6B32E0AF}.Release|x86.Build.0 = Release|Any CPU
		{7F586789-C930-4636-9A86-79E1A396DE55}.Debug|Any CPU.ActiveCfg = Debug|Any CPU
		{7F586789-C930-4636-9A86-79E1A396DE55}.Debug|Any CPU.Build.0 = Debug|Any CPU
		{7F586789-C930-4636-9A86-79E1A396DE55}.Debug|x64.ActiveCfg = Debug|Any CPU
		{7F586789-C930-4636-9A86-79E1A396DE55}.Debug|x64.Build.0 = Debug|Any CPU
		{7F586789-C930-4636-9A86-79E1A396DE55}.Debug|x86.ActiveCfg = Debug|Any CPU
		{7F586789-C930-4636-9A86-79E1A396DE55}.Debug|x86.Build.0 = Debug|Any CPU
		{7F586789-C930-4636-9A86-79E1A396DE55}.Release|Any CPU.ActiveCfg = Release|Any CPU
		{7F586789-C930-4636-9A86-79E1A396DE55}.Release|Any CPU.Build.0 = Release|Any CPU
		{7F586789-C930-4636-9A86-79E1A396DE55}.Release|x64.ActiveCfg = Release|Any CPU
		{7F586789-C930-4636-9A86-79E1A396DE55}.Release|x64.Build.0 = Release|Any CPU
		{7F586789-C930-4636-9A86-79E1A396DE55}.Release|x86.ActiveCfg = Release|Any CPU
		{7F586789-C930-4636-9A86-79E1A396DE55}.Release|x86.Build.0 = Release|Any CPU
		{A55C9953-FC20-4F08-A9BD-8947E7DB7F6F}.Debug|Any CPU.ActiveCfg = Debug|Any CPU
		{A55C9953-FC20-4F08-A9BD-8947E7DB7F6F}.Debug|Any CPU.Build.0 = Debug|Any CPU
		{A55C9953-FC20-4F08-A9BD-8947E7DB7F6F}.Debug|x64.ActiveCfg = Debug|Any CPU
		{A55C9953-FC20-4F08-A9BD-8947E7DB7F6F}.Debug|x64.Build.0 = Debug|Any CPU
		{A55C9953-FC20-4F08-A9BD-8947E7DB7F6F}.Debug|x86.ActiveCfg = Debug|Any CPU
		{A55C9953-FC20-4F08-A9BD-8947E7DB7F6F}.Debug|x86.Build.0 = Debug|Any CPU
		{A55C9953-FC20-4F08-A9BD-8947E7DB7F6F}.Release|Any CPU.ActiveCfg = Release|Any CPU
		{A55C9953-FC20-4F08-A9BD-8947E7DB7F6F}.Release|Any CPU.Build.0 = Release|Any CPU
		{A55C9953-FC20-4F08-A9BD-8947E7DB7F6F}.Release|x64.ActiveCfg = Release|Any CPU
		{A55C9953-FC20-4F08-A9BD-8947E7DB7F6F}.Release|x64.Build.0 = Release|Any CPU
		{A55C9953-FC20-4F08-A9BD-8947E7DB7F6F}.Release|x86.ActiveCfg = Release|Any CPU
		{A55C9953-FC20-4F08-A9BD-8947E7DB7F6F}.Release|x86.Build.0 = Release|Any CPU
		{1B990A76-FF1E-402E-9ACA-E71D108FFFCC}.Debug|Any CPU.ActiveCfg = Debug|Any CPU
		{1B990A76-FF1E-402E-9ACA-E71D108FFFCC}.Debug|Any CPU.Build.0 = Debug|Any CPU
		{1B990A76-FF1E-402E-9ACA-E71D108FFFCC}.Debug|x64.ActiveCfg = Debug|Any CPU
		{1B990A76-FF1E-402E-9ACA-E71D108FFFCC}.Debug|x64.Build.0 = Debug|Any CPU
		{1B990A76-FF1E-402E-9ACA-E71D108FFFCC}.Debug|x86.ActiveCfg = Debug|Any CPU
		{1B990A76-FF1E-402E-9ACA-E71D108FFFCC}.Debug|x86.Build.0 = Debug|Any CPU
		{1B990A76-FF1E-402E-9ACA-E71D108FFFCC}.Release|Any CPU.ActiveCfg = Release|Any CPU
		{1B990A76-FF1E-402E-9ACA-E71D108FFFCC}.Release|Any CPU.Build.0 = Release|Any CPU
		{1B990A76-FF1E-402E-9ACA-E71D108FFFCC}.Release|x64.ActiveCfg = Release|Any CPU
		{1B990A76-FF1E-402E-9ACA-E71D108FFFCC}.Release|x64.Build.0 = Release|Any CPU
		{1B990A76-FF1E-402E-9ACA-E71D108FFFCC}.Release|x86.ActiveCfg = Release|Any CPU
		{1B990A76-FF1E-402E-9ACA-E71D108FFFCC}.Release|x86.Build.0 = Release|Any CPU
		{65EF880C-DEE5-4DC7-B2E7-CF43A1B1EFF6}.Debug|Any CPU.ActiveCfg = Debug|Any CPU
		{65EF880C-DEE5-4DC7-B2E7-CF43A1B1EFF6}.Debug|Any CPU.Build.0 = Debug|Any CPU
		{65EF880C-DEE5-4DC7-B2E7-CF43A1B1EFF6}.Debug|x64.ActiveCfg = Debug|Any CPU
		{65EF880C-DEE5-4DC7-B2E7-CF43A1B1EFF6}.Debug|x64.Build.0 = Debug|Any CPU
		{65EF880C-DEE5-4DC7-B2E7-CF43A1B1EFF6}.Debug|x86.ActiveCfg = Debug|Any CPU
		{65EF880C-DEE5-4DC7-B2E7-CF43A1B1EFF6}.Debug|x86.Build.0 = Debug|Any CPU
		{65EF880C-DEE5-4DC7-B2E7-CF43A1B1EFF6}.Release|Any CPU.ActiveCfg = Release|Any CPU
		{65EF880C-DEE5-4DC7-B2E7-CF43A1B1EFF6}.Release|Any CPU.Build.0 = Release|Any CPU
		{65EF880C-DEE5-4DC7-B2E7-CF43A1B1EFF6}.Release|x64.ActiveCfg = Release|Any CPU
		{65EF880C-DEE5-4DC7-B2E7-CF43A1B1EFF6}.Release|x64.Build.0 = Release|Any CPU
		{65EF880C-DEE5-4DC7-B2E7-CF43A1B1EFF6}.Release|x86.ActiveCfg = Release|Any CPU
		{65EF880C-DEE5-4DC7-B2E7-CF43A1B1EFF6}.Release|x86.Build.0 = Release|Any CPU
		{8E788C30-9245-4CBC-AE3C-886010748EE7}.Debug|Any CPU.ActiveCfg = Debug|Any CPU
		{8E788C30-9245-4CBC-AE3C-886010748EE7}.Debug|Any CPU.Build.0 = Debug|Any CPU
		{8E788C30-9245-4CBC-AE3C-886010748EE7}.Debug|x64.ActiveCfg = Debug|Any CPU
		{8E788C30-9245-4CBC-AE3C-886010748EE7}.Debug|x64.Build.0 = Debug|Any CPU
		{8E788C30-9245-4CBC-AE3C-886010748EE7}.Debug|x86.ActiveCfg = Debug|Any CPU
		{8E788C30-9245-4CBC-AE3C-886010748EE7}.Debug|x86.Build.0 = Debug|Any CPU
		{8E788C30-9245-4CBC-AE3C-886010748EE7}.Release|Any CPU.ActiveCfg = Release|Any CPU
		{8E788C30-9245-4CBC-AE3C-886010748EE7}.Release|Any CPU.Build.0 = Release|Any CPU
		{8E788C30-9245-4CBC-AE3C-886010748EE7}.Release|x64.ActiveCfg = Release|Any CPU
		{8E788C30-9245-4CBC-AE3C-886010748EE7}.Release|x64.Build.0 = Release|Any CPU
		{8E788C30-9245-4CBC-AE3C-886010748EE7}.Release|x86.ActiveCfg = Release|Any CPU
		{8E788C30-9245-4CBC-AE3C-886010748EE7}.Release|x86.Build.0 = Release|Any CPU
		{D20A9779-4CF8-4135-9E27-B126FAAC95F8}.Debug|Any CPU.ActiveCfg = Debug|Any CPU
		{D20A9779-4CF8-4135-9E27-B126FAAC95F8}.Debug|Any CPU.Build.0 = Debug|Any CPU
		{D20A9779-4CF8-4135-9E27-B126FAAC95F8}.Debug|x64.ActiveCfg = Debug|Any CPU
		{D20A9779-4CF8-4135-9E27-B126FAAC95F8}.Debug|x64.Build.0 = Debug|Any CPU
		{D20A9779-4CF8-4135-9E27-B126FAAC95F8}.Debug|x86.ActiveCfg = Debug|Any CPU
		{D20A9779-4CF8-4135-9E27-B126FAAC95F8}.Debug|x86.Build.0 = Debug|Any CPU
		{D20A9779-4CF8-4135-9E27-B126FAAC95F8}.Release|Any CPU.ActiveCfg = Release|Any CPU
		{D20A9779-4CF8-4135-9E27-B126FAAC95F8}.Release|Any CPU.Build.0 = Release|Any CPU
		{D20A9779-4CF8-4135-9E27-B126FAAC95F8}.Release|x64.ActiveCfg = Release|Any CPU
		{D20A9779-4CF8-4135-9E27-B126FAAC95F8}.Release|x64.Build.0 = Release|Any CPU
		{D20A9779-4CF8-4135-9E27-B126FAAC95F8}.Release|x86.ActiveCfg = Release|Any CPU
		{D20A9779-4CF8-4135-9E27-B126FAAC95F8}.Release|x86.Build.0 = Release|Any CPU
		{33855AC0-1A02-4C57-879B-41804121747B}.Debug|Any CPU.ActiveCfg = Debug|Any CPU
		{33855AC0-1A02-4C57-879B-41804121747B}.Debug|Any CPU.Build.0 = Debug|Any CPU
		{33855AC0-1A02-4C57-879B-41804121747B}.Debug|x64.ActiveCfg = Debug|Any CPU
		{33855AC0-1A02-4C57-879B-41804121747B}.Debug|x64.Build.0 = Debug|Any CPU
		{33855AC0-1A02-4C57-879B-41804121747B}.Debug|x86.ActiveCfg = Debug|Any CPU
		{33855AC0-1A02-4C57-879B-41804121747B}.Debug|x86.Build.0 = Debug|Any CPU
		{33855AC0-1A02-4C57-879B-41804121747B}.Release|Any CPU.ActiveCfg = Release|Any CPU
		{33855AC0-1A02-4C57-879B-41804121747B}.Release|Any CPU.Build.0 = Release|Any CPU
		{33855AC0-1A02-4C57-879B-41804121747B}.Release|x64.ActiveCfg = Release|Any CPU
		{33855AC0-1A02-4C57-879B-41804121747B}.Release|x64.Build.0 = Release|Any CPU
		{33855AC0-1A02-4C57-879B-41804121747B}.Release|x86.ActiveCfg = Release|Any CPU
		{33855AC0-1A02-4C57-879B-41804121747B}.Release|x86.Build.0 = Release|Any CPU
	EndGlobalSection
	GlobalSection(SolutionProperties) = preSolution
		HideSolutionNode = FALSE
	EndGlobalSection
	GlobalSection(NestedProjects) = preSolution
		{ADB81FA5-1565-45EC-B025-88BFE30FA72F} = {827E0CD3-B72D-47B6-A68D-7590B98EB39B}
		{D1111417-F76E-44C9-B6B3-2E2AAA605C73} = {827E0CD3-B72D-47B6-A68D-7590B98EB39B}
		{CC14AC7E-0EB1-4698-A61B-615D6B32E0AF} = {827E0CD3-B72D-47B6-A68D-7590B98EB39B}
		{7F586789-C930-4636-9A86-79E1A396DE55} = {827E0CD3-B72D-47B6-A68D-7590B98EB39B}
		{A55C9953-FC20-4F08-A9BD-8947E7DB7F6F} = {827E0CD3-B72D-47B6-A68D-7590B98EB39B}
		{1B990A76-FF1E-402E-9ACA-E71D108FFFCC} = {827E0CD3-B72D-47B6-A68D-7590B98EB39B}
		{65EF880C-DEE5-4DC7-B2E7-CF43A1B1EFF6} = {827E0CD3-B72D-47B6-A68D-7590B98EB39B}
		{8E788C30-9245-4CBC-AE3C-886010748EE7} = {827E0CD3-B72D-47B6-A68D-7590B98EB39B}
		{D20A9779-4CF8-4135-9E27-B126FAAC95F8} = {0AB3BF05-4346-4AA6-1389-037BE0695223}
		{33855AC0-1A02-4C57-879B-41804121747B} = {827E0CD3-B72D-47B6-A68D-7590B98EB39B}
	EndGlobalSection
EndGlobal
